
Microsoft Visual Studio Solution File, Format Version 12.00
# Visual Studio Version 16
VisualStudioVersion = 16.0.31005.135
MinimumVisualStudioVersion = 10.0.40219.1
Project("{FAE04EC0-301F-11D3-BF4B-00C04F79EFBC}") = "Filter", "Filter\Filter.csproj", "{200F8FE3-AC47-4543-8363-BCDDE6FF54D8}"
EndProject
Global
	GlobalSection(SolutionConfigurationPlatforms) = preSolution
		Debug|Any CPU = Debug|Any CPU
		Release|Any CPU = Release|Any CPU
	EndGlobalSection
	GlobalSection(ProjectConfigurationPlatforms) = postSolution
		{200F8FE3-AC47-4543-8363-BCDDE6FF54D8}.Debug|Any CPU.ActiveCfg = Debug|Any CPU
		{200F8FE3-AC47-4543-8363-BCDDE6FF54D8}.Debug|Any CPU.Build.0 = Debug|Any CPU
		{200F8FE3-AC47-4543-8363-BCDDE6FF54D8}.Release|Any CPU.ActiveCfg = Release|Any CPU
		{200F8FE3-AC47-4543-8363-BCDDE6FF54D8}.Release|Any CPU.Build.0 = Release|Any CPU
	EndGlobalSection
	GlobalSection(SolutionProperties) = preSolution
		HideSolutionNode = FALSE
	EndGlobalSection
	GlobalSection(ExtensibilityGlobals) = postSolution
		SolutionGuid = {7ED6ADE6-17F2-464A-BCA9-1C26446A372D}
	EndGlobalSection
EndGlobal
